
Microsoft Visual Studio Solution File, Format Version 12.00
# Visual Studio Version 16
VisualStudioVersion = 16.0.31410.357
MinimumVisualStudioVersion = 10.0.40219.1
Project("{FAE04EC0-301F-11D3-BF4B-00C04F79EFBC}") = "Your first program architecture", "Your first program architecture\Your first program architecture.csproj", "{DBF4D915-13A8-464A-A354-1207E5280C87}"
EndProject
Global
	GlobalSection(SolutionConfigurationPlatforms) = preSolution
		Debug|Any CPU = Debug|Any CPU
		Release|Any CPU = Release|Any CPU
	EndGlobalSection
	GlobalSection(ProjectConfigurationPlatforms) = postSolution
		{DBF4D915-13A8-464A-A354-1207E5280C87}.Debug|Any CPU.ActiveCfg = Debug|Any CPU
		{DBF4D915-13A8-464A-A354-1207E5280C87}.Debug|Any CPU.Build.0 = Debug|Any CPU
		{DBF4D915-13A8-464A-A354-1207E5280C87}.Release|Any CPU.ActiveCfg = Release|Any CPU
		{DBF4D915-13A8-464A-A354-1207E5280C87}.Release|Any CPU.Build.0 = Release|Any CPU
	EndGlobalSection
	GlobalSection(SolutionProperties) = preSolution
		HideSolutionNode = FALSE
	EndGlobalSection
	GlobalSection(ExtensibilityGlobals) = postSolution
		SolutionGuid = {E194631E-CFAE-44A8-AE37-30316B5E02C7}
	EndGlobalSection
EndGlobal
